
Microsoft Visual Studio Solution File, Format Version 12.00
# Visual Studio Version 17
VisualStudioVersion = 17.3.32922.545
MinimumVisualStudioVersion = 10.0.40219.1
Project("{9A19103F-16F7-4668-BE54-9A1E7A4F7556}") = "_05._Queue", "_05._Queue\_05._Queue.csproj", "{55C30C9A-6ECF-4FFC-8260-1E8F15F57BA1}"
EndProject
Project("{9A19103F-16F7-4668-BE54-9A1E7A4F7556}") = "_06._Heap", "_06._Heap\_06._Heap.csproj", "{8B40E2DF-B5AA-4C85-984C-BEAC7B246308}"
EndProject
Project("{9A19103F-16F7-4668-BE54-9A1E7A4F7556}") = "_07._BinarySearchTree", "_07._Tree\_07._BinarySearchTree.csproj", "{6A0A75A3-9DDE-47A9-BE06-FCE79AAAB0C8}"
EndProject
Project("{9A19103F-16F7-4668-BE54-9A1E7A4F7556}") = "_08._HashTable", "_08._HashTable\_08._HashTable.csproj", "{D9C8946A-CE36-4D60-86C7-13092AAE497B}"
EndProject
Project("{9A19103F-16F7-4668-BE54-9A1E7A4F7556}") = "_09._DesignTechniques", "_09._DesignTechniques\_09._DesignTechniques.csproj", "{850C3DD1-5E9B-4DB3-9119-78D9C794FA4A}"
EndProject
Project("{9A19103F-16F7-4668-BE54-9A1E7A4F7556}") = "_10._Sorting", "_10._Sorting\_10._Sorting.csproj", "{AFB89361-8BF2-42F5-89A8-87DDE4D31A04}"
EndProject
Project("{9A19103F-16F7-4668-BE54-9A1E7A4F7556}") = "_11._Searching", "_11._Searching\_11._Searching.csproj", "{1C7F32E0-D74E-4834-8041-80D90FA16CE2}"
EndProject
Project("{9A19103F-16F7-4668-BE54-9A1E7A4F7556}") = "_12._ShortestPath", "_12._ShortestPath\_12._ShortestPath.csproj", "{974673AA-249C-44F7-AB6C-69FF47DDA17B}"
EndProject
Project("{9A19103F-16F7-4668-BE54-9A1E7A4F7556}") = "day_28_Task", "day_28_Task\day_28_Task.csproj", "{C60039B1-D4AC-42B7-AA84-DD915FC6D0D4}"
EndProject
Project("{9A19103F-16F7-4668-BE54-9A1E7A4F7556}") = "_13._PathFinding", "_13._PathFinding\_13._PathFinding.csproj", "{3263EBAC-24EE-4F71-871D-33D56A700B9D}"
EndProject
Project("{9A19103F-16F7-4668-BE54-9A1E7A4F7556}") = "day29_Task", "day29_Task\day29_Task.csproj", "{34E3BFAF-B907-42CD-9DBD-6843257A8017}"
EndProject
Project("{FAE04EC0-301F-11D3-BF4B-00C04F79EFBC}") = "_14._MinimumSpanningTree", "_14._MinimumSpanningTree\_14._MinimumSpanningTree.csproj", "{856F672C-8215-46C4-BD06-63E8578ABA4D}"
EndProject
Global
	GlobalSection(SolutionConfigurationPlatforms) = preSolution
		Debug|Any CPU = Debug|Any CPU
		Release|Any CPU = Release|Any CPU
	EndGlobalSection
	GlobalSection(ProjectConfigurationPlatforms) = postSolution
		{55C30C9A-6ECF-4FFC-8260-1E8F15F57BA1}.Debug|Any CPU.ActiveCfg = Debug|Any CPU
		{55C30C9A-6ECF-4FFC-8260-1E8F15F57BA1}.Debug|Any CPU.Build.0 = Debug|Any CPU
		{55C30C9A-6ECF-4FFC-8260-1E8F15F57BA1}.Release|Any CPU.ActiveCfg = Release|Any CPU
		{55C30C9A-6ECF-4FFC-8260-1E8F15F57BA1}.Release|Any CPU.Build.0 = Release|Any CPU
		{8B40E2DF-B5AA-4C85-984C-BEAC7B246308}.Debug|Any CPU.ActiveCfg = Debug|Any CPU
		{8B40E2DF-B5AA-4C85-984C-BEAC7B246308}.Debug|Any CPU.Build.0 = Debug|Any CPU
		{8B40E2DF-B5AA-4C85-984C-BEAC7B246308}.Release|Any CPU.ActiveCfg = Release|Any CPU
		{8B40E2DF-B5AA-4C85-984C-BEAC7B246308}.Release|Any CPU.Build.0 = Release|Any CPU
		{6A0A75A3-9DDE-47A9-BE06-FCE79AAAB0C8}.Debug|Any CPU.ActiveCfg = Debug|Any CPU
		{6A0A75A3-9DDE-47A9-BE06-FCE79AAAB0C8}.Debug|Any CPU.Build.0 = Debug|Any CPU
		{6A0A75A3-9DDE-47A9-BE06-FCE79AAAB0C8}.Release|Any CPU.ActiveCfg = Release|Any CPU
		{6A0A75A3-9DDE-47A9-BE06-FCE79AAAB0C8}.Release|Any CPU.Build.0 = Release|Any CPU
		{D9C8946A-CE36-4D60-86C7-13092AAE497B}.Debug|Any CPU.ActiveCfg = Debug|Any CPU
		{D9C8946A-CE36-4D60-86C7-13092AAE497B}.Debug|Any CPU.Build.0 = Debug|Any CPU
		{D9C8946A-CE36-4D60-86C7-13092AAE497B}.Release|Any CPU.ActiveCfg = Release|Any CPU
		{D9C8946A-CE36-4D60-86C7-13092AAE497B}.Release|Any CPU.Build.0 = Release|Any CPU
		{850C3DD1-5E9B-4DB3-9119-78D9C794FA4A}.Debug|Any CPU.ActiveCfg = Debug|Any CPU
		{850C3DD1-5E9B-4DB3-9119-78D9C794FA4A}.Debug|Any CPU.Build.0 = Debug|Any CPU
		{850C3DD1-5E9B-4DB3-9119-78D9C794FA4A}.Release|Any CPU.ActiveCfg = Release|Any CPU
		{850C3DD1-5E9B-4DB3-9119-78D9C794FA4A}.Release|Any CPU.Build.0 = Release|Any CPU
		{AFB89361-8BF2-42F5-89A8-87DDE4D31A04}.Debug|Any CPU.ActiveCfg = Debug|Any CPU
		{AFB89361-8BF2-42F5-89A8-87DDE4D31A04}.Debug|Any CPU.Build.0 = Debug|Any CPU
		{AFB89361-8BF2-42F5-89A8-87DDE4D31A04}.Release|Any CPU.ActiveCfg = Release|Any CPU
		{AFB89361-8BF2-42F5-89A8-87DDE4D31A04}.Release|Any CPU.Build.0 = Release|Any CPU
		{1C7F32E0-D74E-4834-8041-80D90FA16CE2}.Debug|Any CPU.ActiveCfg = Debug|Any CPU
		{1C7F32E0-D74E-4834-8041-80D90FA16CE2}.Debug|Any CPU.Build.0 = Debug|Any CPU
		{1C7F32E0-D74E-4834-8041-80D90FA16CE2}.Release|Any CPU.ActiveCfg = Release|Any CPU
		{1C7F32E0-D74E-4834-8041-80D90FA16CE2}.Release|Any CPU.Build.0 = Release|Any CPU
		{974673AA-249C-44F7-AB6C-69FF47DDA17B}.Debug|Any CPU.ActiveCfg = Debug|Any CPU
		{974673AA-249C-44F7-AB6C-69FF47DDA17B}.Debug|Any CPU.Build.0 = Debug|Any CPU
		{974673AA-249C-44F7-AB6C-69FF47DDA17B}.Release|Any CPU.ActiveCfg = Release|Any CPU
		{974673AA-249C-44F7-AB6C-69FF47DDA17B}.Release|Any CPU.Build.0 = Release|Any CPU
		{C60039B1-D4AC-42B7-AA84-DD915FC6D0D4}.Debug|Any CPU.ActiveCfg = Debug|Any CPU
		{C60039B1-D4AC-42B7-AA84-DD915FC6D0D4}.Debug|Any CPU.Build.0 = Debug|Any CPU
		{C60039B1-D4AC-42B7-AA84-DD915FC6D0D4}.Release|Any CPU.ActiveCfg = Release|Any CPU
		{C60039B1-D4AC-42B7-AA84-DD915FC6D0D4}.Release|Any CPU.Build.0 = Release|Any CPU
		{3263EBAC-24EE-4F71-871D-33D56A700B9D}.Debug|Any CPU.ActiveCfg = Debug|Any CPU
		{3263EBAC-24EE-4F71-871D-33D56A700B9D}.Debug|Any CPU.Build.0 = Debug|Any CPU
		{3263EBAC-24EE-4F71-871D-33D56A700B9D}.Release|Any CPU.ActiveCfg = Release|Any CPU
		{3263EBAC-24EE-4F71-871D-33D56A700B9D}.Release|Any CPU.Build.0 = Release|Any CPU
		{34E3BFAF-B907-42CD-9DBD-6843257A8017}.Debug|Any CPU.ActiveCfg = Debug|Any CPU
		{34E3BFAF-B907-42CD-9DBD-6843257A8017}.Debug|Any CPU.Build.0 = Debug|Any CPU
		{34E3BFAF-B907-42CD-9DBD-6843257A8017}.Release|Any CPU.ActiveCfg = Release|Any CPU
		{34E3BFAF-B907-42CD-9DBD-6843257A8017}.Release|Any CPU.Build.0 = Release|Any CPU
		{856F672C-8215-46C4-BD06-63E8578ABA4D}.Debug|Any CPU.ActiveCfg = Debug|Any CPU
		{856F672C-8215-46C4-BD06-63E8578ABA4D}.Debug|Any CPU.Build.0 = Debug|Any CPU
		{856F672C-8215-46C4-BD06-63E8578ABA4D}.Release|Any CPU.ActiveCfg = Release|Any CPU
		{856F672C-8215-46C4-BD06-63E8578ABA4D}.Release|Any CPU.Build.0 = Release|Any CPU
	EndGlobalSection
	GlobalSection(SolutionProperties) = preSolution
		HideSolutionNode = FALSE
	EndGlobalSection
	GlobalSection(ExtensibilityGlobals) = postSolution
		SolutionGuid = {75296184-7AD5-4C71-8155-505F144F3EF0}
	EndGlobalSection
EndGlobal
