
Microsoft Visual Studio Solution File, Format Version 12.00
# Visual Studio Version 17
VisualStudioVersion = 17.3.32922.545
MinimumVisualStudioVersion = 10.0.40219.1
Project("{9A19103F-16F7-4668-BE54-9A1E7A4F7556}") = "day18_DataStructure_Lecture", "day18_DataStructure\day18_DataStructure_Lecture.csproj", "{00A2CF70-01D1-4306-ACFC-953104E066AC}"
EndProject
Project("{9A19103F-16F7-4668-BE54-9A1E7A4F7556}") = "day18_Task", "day18_Task\day18_Task.csproj", "{AE360B5A-43BB-4BBB-A84D-E27642811925}"
EndProject
Project("{9A19103F-16F7-4668-BE54-9A1E7A4F7556}") = "day19_LinkedList", "day19_\day19_LinkedList.csproj", "{5D737598-958B-4F9A-8CC4-115A00C05B01}"
EndProject
Project("{9A19103F-16F7-4668-BE54-9A1E7A4F7556}") = "day19_Task", "day19_Task\day19_Task.csproj", "{F5CD732E-938D-4F67-A69D-A33632517830}"
EndProject
Project("{9A19103F-16F7-4668-BE54-9A1E7A4F7556}") = "day20_Iterator", "day20_Iterator\day20_Iterator.csproj", "{19C367A4-C385-47F4-84C2-F10B8F000F5C}"
EndProject
Project("{9A19103F-16F7-4668-BE54-9A1E7A4F7556}") = "Understanding_ForEach_and_IEnumerable", "Understanding_ForEach_and_IEnumerable\Understanding_ForEach_and_IEnumerable.csproj", "{4B1609E8-924B-4BBA-8CA7-AAB7A58CB9A6}"
EndProject
Project("{9A19103F-16F7-4668-BE54-9A1E7A4F7556}") = "day20_Task", "day20_Task\day20_Task.csproj", "{E5DD56E2-F2FD-4A68-8661-15966D388299}"
EndProject
Project("{9A19103F-16F7-4668-BE54-9A1E7A4F7556}") = "_04._Stack", "day21_\_04._Stack.csproj", "{0B2D9D85-A07D-4ABF-A9F3-5F5372EC0B2F}"
EndProject
Project("{9A19103F-16F7-4668-BE54-9A1E7A4F7556}") = "_05._Queue", "_05._Queue\_05._Queue.csproj", "{55C30C9A-6ECF-4FFC-8260-1E8F15F57BA1}"
EndProject
Project("{9A19103F-16F7-4668-BE54-9A1E7A4F7556}") = "day21_Task", "day21_Task\day21_Task.csproj", "{28ADB12E-7818-4741-ABB4-C0B32C6F9FF3}"
EndProject
Project("{FAE04EC0-301F-11D3-BF4B-00C04F79EFBC}") = "_06._Heap", "_06._Heap\_06._Heap.csproj", "{8B40E2DF-B5AA-4C85-984C-BEAC7B246308}"
EndProject
Project("{9A19103F-16F7-4668-BE54-9A1E7A4F7556}") = "day22_Task", "day22_Task\day22_Task.csproj", "{9CA347BC-8566-4BBA-BFCB-D894BD47643A}"
EndProject
Global
	GlobalSection(SolutionConfigurationPlatforms) = preSolution
		Debug|Any CPU = Debug|Any CPU
		Release|Any CPU = Release|Any CPU
	EndGlobalSection
	GlobalSection(ProjectConfigurationPlatforms) = postSolution
		{00A2CF70-01D1-4306-ACFC-953104E066AC}.Debug|Any CPU.ActiveCfg = Debug|Any CPU
		{00A2CF70-01D1-4306-ACFC-953104E066AC}.Debug|Any CPU.Build.0 = Debug|Any CPU
		{00A2CF70-01D1-4306-ACFC-953104E066AC}.Release|Any CPU.ActiveCfg = Release|Any CPU
		{00A2CF70-01D1-4306-ACFC-953104E066AC}.Release|Any CPU.Build.0 = Release|Any CPU
		{AE360B5A-43BB-4BBB-A84D-E27642811925}.Debug|Any CPU.ActiveCfg = Debug|Any CPU
		{AE360B5A-43BB-4BBB-A84D-E27642811925}.Debug|Any CPU.Build.0 = Debug|Any CPU
		{AE360B5A-43BB-4BBB-A84D-E27642811925}.Release|Any CPU.ActiveCfg = Release|Any CPU
		{AE360B5A-43BB-4BBB-A84D-E27642811925}.Release|Any CPU.Build.0 = Release|Any CPU
		{5D737598-958B-4F9A-8CC4-115A00C05B01}.Debug|Any CPU.ActiveCfg = Debug|Any CPU
		{5D737598-958B-4F9A-8CC4-115A00C05B01}.Debug|Any CPU.Build.0 = Debug|Any CPU
		{5D737598-958B-4F9A-8CC4-115A00C05B01}.Release|Any CPU.ActiveCfg = Release|Any CPU
		{5D737598-958B-4F9A-8CC4-115A00C05B01}.Release|Any CPU.Build.0 = Release|Any CPU
		{F5CD732E-938D-4F67-A69D-A33632517830}.Debug|Any CPU.ActiveCfg = Debug|Any CPU
		{F5CD732E-938D-4F67-A69D-A33632517830}.Debug|Any CPU.Build.0 = Debug|Any CPU
		{F5CD732E-938D-4F67-A69D-A33632517830}.Release|Any CPU.ActiveCfg = Release|Any CPU
		{F5CD732E-938D-4F67-A69D-A33632517830}.Release|Any CPU.Build.0 = Release|Any CPU
		{19C367A4-C385-47F4-84C2-F10B8F000F5C}.Debug|Any CPU.ActiveCfg = Debug|Any CPU
		{19C367A4-C385-47F4-84C2-F10B8F000F5C}.Debug|Any CPU.Build.0 = Debug|Any CPU
		{19C367A4-C385-47F4-84C2-F10B8F000F5C}.Release|Any CPU.ActiveCfg = Release|Any CPU
		{19C367A4-C385-47F4-84C2-F10B8F000F5C}.Release|Any CPU.Build.0 = Release|Any CPU
		{4B1609E8-924B-4BBA-8CA7-AAB7A58CB9A6}.Debug|Any CPU.ActiveCfg = Debug|Any CPU
		{4B1609E8-924B-4BBA-8CA7-AAB7A58CB9A6}.Debug|Any CPU.Build.0 = Debug|Any CPU
		{4B1609E8-924B-4BBA-8CA7-AAB7A58CB9A6}.Release|Any CPU.ActiveCfg = Release|Any CPU
		{4B1609E8-924B-4BBA-8CA7-AAB7A58CB9A6}.Release|Any CPU.Build.0 = Release|Any CPU
		{E5DD56E2-F2FD-4A68-8661-15966D388299}.Debug|Any CPU.ActiveCfg = Debug|Any CPU
		{E5DD56E2-F2FD-4A68-8661-15966D388299}.Debug|Any CPU.Build.0 = Debug|Any CPU
		{E5DD56E2-F2FD-4A68-8661-15966D388299}.Release|Any CPU.ActiveCfg = Release|Any CPU
		{E5DD56E2-F2FD-4A68-8661-15966D388299}.Release|Any CPU.Build.0 = Release|Any CPU
		{0B2D9D85-A07D-4ABF-A9F3-5F5372EC0B2F}.Debug|Any CPU.ActiveCfg = Debug|Any CPU
		{0B2D9D85-A07D-4ABF-A9F3-5F5372EC0B2F}.Debug|Any CPU.Build.0 = Debug|Any CPU
		{0B2D9D85-A07D-4ABF-A9F3-5F5372EC0B2F}.Release|Any CPU.ActiveCfg = Release|Any CPU
		{0B2D9D85-A07D-4ABF-A9F3-5F5372EC0B2F}.Release|Any CPU.Build.0 = Release|Any CPU
		{55C30C9A-6ECF-4FFC-8260-1E8F15F57BA1}.Debug|Any CPU.ActiveCfg = Debug|Any CPU
		{55C30C9A-6ECF-4FFC-8260-1E8F15F57BA1}.Debug|Any CPU.Build.0 = Debug|Any CPU
		{55C30C9A-6ECF-4FFC-8260-1E8F15F57BA1}.Release|Any CPU.ActiveCfg = Release|Any CPU
		{55C30C9A-6ECF-4FFC-8260-1E8F15F57BA1}.Release|Any CPU.Build.0 = Release|Any CPU
		{28ADB12E-7818-4741-ABB4-C0B32C6F9FF3}.Debug|Any CPU.ActiveCfg = Debug|Any CPU
		{28ADB12E-7818-4741-ABB4-C0B32C6F9FF3}.Debug|Any CPU.Build.0 = Debug|Any CPU
		{28ADB12E-7818-4741-ABB4-C0B32C6F9FF3}.Release|Any CPU.ActiveCfg = Release|Any CPU
		{28ADB12E-7818-4741-ABB4-C0B32C6F9FF3}.Release|Any CPU.Build.0 = Release|Any CPU
		{8B40E2DF-B5AA-4C85-984C-BEAC7B246308}.Debug|Any CPU.ActiveCfg = Debug|Any CPU
		{8B40E2DF-B5AA-4C85-984C-BEAC7B246308}.Debug|Any CPU.Build.0 = Debug|Any CPU
		{8B40E2DF-B5AA-4C85-984C-BEAC7B246308}.Release|Any CPU.ActiveCfg = Release|Any CPU
		{8B40E2DF-B5AA-4C85-984C-BEAC7B246308}.Release|Any CPU.Build.0 = Release|Any CPU
		{9CA347BC-8566-4BBA-BFCB-D894BD47643A}.Debug|Any CPU.ActiveCfg = Debug|Any CPU
		{9CA347BC-8566-4BBA-BFCB-D894BD47643A}.Debug|Any CPU.Build.0 = Debug|Any CPU
		{9CA347BC-8566-4BBA-BFCB-D894BD47643A}.Release|Any CPU.ActiveCfg = Release|Any CPU
		{9CA347BC-8566-4BBA-BFCB-D894BD47643A}.Release|Any CPU.Build.0 = Release|Any CPU
	EndGlobalSection
	GlobalSection(SolutionProperties) = preSolution
		HideSolutionNode = FALSE
	EndGlobalSection
	GlobalSection(ExtensibilityGlobals) = postSolution
		SolutionGuid = {75296184-7AD5-4C71-8155-505F144F3EF0}
	EndGlobalSection
EndGlobal
